
Microsoft Visual Studio Solution File, Format Version 12.00
# Visual Studio Version 16
VisualStudioVersion = 16.0.30907.101
MinimumVisualStudioVersion = 10.0.40219.1
Project("{FAE04EC0-301F-11D3-BF4B-00C04F79EFBC}") = "CustomListLutetium", "CustomListLutetium\CustomListLutetium.csproj", "{696CC1E1-2D5E-4F5D-9371-3DE4386358D2}"
EndProject
Project("{FAE04EC0-301F-11D3-BF4B-00C04F79EFBC}") = "CustomListLutetiumUnitTesting", "CustomListLutetiumUnitTesting\CustomListLutetiumUnitTesting.csproj", "{E3FD9306-269C-4809-96CF-4C6B92FA9B25}"
EndProject
Global
	GlobalSection(SolutionConfigurationPlatforms) = preSolution
		Debug|Any CPU = Debug|Any CPU
		Release|Any CPU = Release|Any CPU
	EndGlobalSection
	GlobalSection(ProjectConfigurationPlatforms) = postSolution
		{696CC1E1-2D5E-4F5D-9371-3DE4386358D2}.Debug|Any CPU.ActiveCfg = Debug|Any CPU
		{696CC1E1-2D5E-4F5D-9371-3DE4386358D2}.Debug|Any CPU.Build.0 = Debug|Any CPU
		{696CC1E1-2D5E-4F5D-9371-3DE4386358D2}.Release|Any CPU.ActiveCfg = Release|Any CPU
		{696CC1E1-2D5E-4F5D-9371-3DE4386358D2}.Release|Any CPU.Build.0 = Release|Any CPU
		{E3FD9306-269C-4809-96CF-4C6B92FA9B25}.Debug|Any CPU.ActiveCfg = Debug|Any CPU
		{E3FD9306-269C-4809-96CF-4C6B92FA9B25}.Debug|Any CPU.Build.0 = Debug|Any CPU
		{E3FD9306-269C-4809-96CF-4C6B92FA9B25}.Release|Any CPU.ActiveCfg = Release|Any CPU
		{E3FD9306-269C-4809-96CF-4C6B92FA9B25}.Release|Any CPU.Build.0 = Release|Any CPU
	EndGlobalSection
	GlobalSection(SolutionProperties) = preSolution
		HideSolutionNode = FALSE
	EndGlobalSection
	GlobalSection(ExtensibilityGlobals) = postSolution
		SolutionGuid = {57F40B21-EEDD-4D2C-951B-1C76754FBC08}
	EndGlobalSection
EndGlobal
